dependencies:
- name: tempo-distributed
  repository: https://grafana.github.io/helm-charts
  version: 0.15.0
- name: minio
  repository: https://helm.min.io/
  version: 8.0.9
digest: sha256:8c4510b737bc3fc2def5d1d2794a14a83a9c5466dd9f02647a3ca90c38c837e9
generated: "2022-01-25T18:46:06.3241029-06:00"
